
Microsoft Visual Studio Solution File, Format Version 12.00
# Visual Studio Version 16
VisualStudioVersion = 16.0.32228.343
MinimumVisualStudioVersion = 10.0.40219.1
Project("{FAE04EC0-301F-11D3-BF4B-00C04F79EFBC}") = "csharp", "csharp.csproj", "{273D06EE-1A63-42FA-8B29-581C97419023}"
EndProject
Global
	GlobalSection(SolutionConfigurationPlatforms) = preSolution
		Debug|Any CPU = Debug|Any CPU
		Release|Any CPU = Release|Any CPU
	EndGlobalSection
	GlobalSection(ProjectConfigurationPlatforms) = postSolution
		{273D06EE-1A63-42FA-8B29-581C97419023}.Debug|Any CPU.ActiveCfg = Debug|Any CPU
		{273D06EE-1A63-42FA-8B29-581C97419023}.Debug|Any CPU.Build.0 = Debug|Any CPU
		{273D06EE-1A63-42FA-8B29-581C97419023}.Release|Any CPU.ActiveCfg = Release|Any CPU
		{273D06EE-1A63-42FA-8B29-581C97419023}.Release|Any CPU.Build.0 = Release|Any CPU
	EndGlobalSection
	GlobalSection(SolutionProperties) = preSolution
		HideSolutionNode = FALSE
	EndGlobalSection
	GlobalSection(ExtensibilityGlobals) = postSolution
		SolutionGuid = {615BF67F-0BAF-4E17-92AF-F172D91E4395}
	EndGlobalSection
EndGlobal
