
Microsoft Visual Studio Solution File, Format Version 12.00
# Visual Studio Version 16
VisualStudioVersion = 16.0.32228.343
MinimumVisualStudioVersion = 10.0.40219.1
Project("{F184B08F-C81C-45F6-A57F-5ABD9991F28F}") = "POS OOP", "POS OOP.vbproj", "{D6E4DC60-EF30-4D13-9AA1-EE762B15F70E}"
EndProject
Global
	GlobalSection(SolutionConfigurationPlatforms) = preSolution
		Debug|Any CPU = Debug|Any CPU
		Release|Any CPU = Release|Any CPU
	EndGlobalSection
	GlobalSection(ProjectConfigurationPlatforms) = postSolution
		{D6E4DC60-EF30-4D13-9AA1-EE762B15F70E}.Debug|Any CPU.ActiveCfg = Debug|Any CPU
		{D6E4DC60-EF30-4D13-9AA1-EE762B15F70E}.Debug|Any CPU.Build.0 = Debug|Any CPU
		{D6E4DC60-EF30-4D13-9AA1-EE762B15F70E}.Release|Any CPU.ActiveCfg = Release|Any CPU
		{D6E4DC60-EF30-4D13-9AA1-EE762B15F70E}.Release|Any CPU.Build.0 = Release|Any CPU
	EndGlobalSection
	GlobalSection(SolutionProperties) = preSolution
		HideSolutionNode = FALSE
	EndGlobalSection
	GlobalSection(ExtensibilityGlobals) = postSolution
		SolutionGuid = {E0B4B7EE-47AC-47ED-9ABC-89F40F53075B}
	EndGlobalSection
EndGlobal
