
Microsoft Visual Studio Solution File, Format Version 12.00
# Visual Studio Version 16
VisualStudioVersion = 16.0.32126.315
MinimumVisualStudioVersion = 10.0.40219.1
Project("{F184B08F-C81C-45F6-A57F-5ABD9991F28F}") = "Activity3Oop", "Activity3Oop.vbproj", "{1DA3EE3F-54A8-4294-8114-329A866332FB}"
EndProject
Global
	GlobalSection(SolutionConfigurationPlatforms) = preSolution
		Debug|Any CPU = Debug|Any CPU
		Release|Any CPU = Release|Any CPU
	EndGlobalSection
	GlobalSection(ProjectConfigurationPlatforms) = postSolution
		{1DA3EE3F-54A8-4294-8114-329A866332FB}.Debug|Any CPU.ActiveCfg = Debug|Any CPU
		{1DA3EE3F-54A8-4294-8114-329A866332FB}.Debug|Any CPU.Build.0 = Debug|Any CPU
		{1DA3EE3F-54A8-4294-8114-329A866332FB}.Release|Any CPU.ActiveCfg = Release|Any CPU
		{1DA3EE3F-54A8-4294-8114-329A866332FB}.Release|Any CPU.Build.0 = Release|Any CPU
	EndGlobalSection
	GlobalSection(SolutionProperties) = preSolution
		HideSolutionNode = FALSE
	EndGlobalSection
	GlobalSection(ExtensibilityGlobals) = postSolution
		SolutionGuid = {270CE75E-2604-416E-A480-4DB51BF64D5A}
	EndGlobalSection
EndGlobal
