
Microsoft Visual Studio Solution File, Format Version 12.00
# Visual Studio Version 16
VisualStudioVersion = 16.0.32126.315
MinimumVisualStudioVersion = 10.0.40219.1
Project("{F184B08F-C81C-45F6-A57F-5ABD9991F28F}") = "calculator2", "calculator2.vbproj", "{3EFB8A09-2FBF-43E4-BAF3-1AFCB3CE89EA}"
EndProject
Global
	GlobalSection(SolutionConfigurationPlatforms) = preSolution
		Debug|Any CPU = Debug|Any CPU
		Release|Any CPU = Release|Any CPU
	EndGlobalSection
	GlobalSection(ProjectConfigurationPlatforms) = postSolution
		{3EFB8A09-2FBF-43E4-BAF3-1AFCB3CE89EA}.Debug|Any CPU.ActiveCfg = Debug|Any CPU
		{3EFB8A09-2FBF-43E4-BAF3-1AFCB3CE89EA}.Debug|Any CPU.Build.0 = Debug|Any CPU
		{3EFB8A09-2FBF-43E4-BAF3-1AFCB3CE89EA}.Release|Any CPU.ActiveCfg = Release|Any CPU
		{3EFB8A09-2FBF-43E4-BAF3-1AFCB3CE89EA}.Release|Any CPU.Build.0 = Release|Any CPU
	EndGlobalSection
	GlobalSection(SolutionProperties) = preSolution
		HideSolutionNode = FALSE
	EndGlobalSection
	GlobalSection(ExtensibilityGlobals) = postSolution
		SolutionGuid = {81314C64-68A6-4F13-9AD8-0A0DFABA275F}
	EndGlobalSection
EndGlobal
