
Microsoft Visual Studio Solution File, Format Version 12.00
# Visual Studio Version 16
VisualStudioVersion = 16.0.32228.343
MinimumVisualStudioVersion = 10.0.40219.1
Project("{F184B08F-C81C-45F6-A57F-5ABD9991F28F}") = "SQROOT", "SQROOT.vbproj", "{C99CB74B-B65D-4913-B274-CBF11C4FB053}"
EndProject
Global
	GlobalSection(SolutionConfigurationPlatforms) = preSolution
		Debug|Any CPU = Debug|Any CPU
		Release|Any CPU = Release|Any CPU
	EndGlobalSection
	GlobalSection(ProjectConfigurationPlatforms) = postSolution
		{C99CB74B-B65D-4913-B274-CBF11C4FB053}.Debug|Any CPU.ActiveCfg = Debug|Any CPU
		{C99CB74B-B65D-4913-B274-CBF11C4FB053}.Debug|Any CPU.Build.0 = Debug|Any CPU
		{C99CB74B-B65D-4913-B274-CBF11C4FB053}.Release|Any CPU.ActiveCfg = Release|Any CPU
		{C99CB74B-B65D-4913-B274-CBF11C4FB053}.Release|Any CPU.Build.0 = Release|Any CPU
	EndGlobalSection
	GlobalSection(SolutionProperties) = preSolution
		HideSolutionNode = FALSE
	EndGlobalSection
	GlobalSection(ExtensibilityGlobals) = postSolution
		SolutionGuid = {825B8294-2302-44F8-979E-F45390A24C2C}
	EndGlobalSection
EndGlobal
