
Microsoft Visual Studio Solution File, Format Version 12.00
# Visual Studio Version 16
VisualStudioVersion = 16.0.32126.315
MinimumVisualStudioVersion = 10.0.40219.1
Project("{F184B08F-C81C-45F6-A57F-5ABD9991F28F}") = "SimpleHelloWorld", "SimpleHelloWorld.vbproj", "{D3DC84AE-59EE-433C-8455-E8B0F42DB31D}"
EndProject
Global
	GlobalSection(SolutionConfigurationPlatforms) = preSolution
		Debug|Any CPU = Debug|Any CPU
		Release|Any CPU = Release|Any CPU
	EndGlobalSection
	GlobalSection(ProjectConfigurationPlatforms) = postSolution
		{D3DC84AE-59EE-433C-8455-E8B0F42DB31D}.Debug|Any CPU.ActiveCfg = Debug|Any CPU
		{D3DC84AE-59EE-433C-8455-E8B0F42DB31D}.Debug|Any CPU.Build.0 = Debug|Any CPU
		{D3DC84AE-59EE-433C-8455-E8B0F42DB31D}.Release|Any CPU.ActiveCfg = Release|Any CPU
		{D3DC84AE-59EE-433C-8455-E8B0F42DB31D}.Release|Any CPU.Build.0 = Release|Any CPU
	EndGlobalSection
	GlobalSection(SolutionProperties) = preSolution
		HideSolutionNode = FALSE
	EndGlobalSection
	GlobalSection(ExtensibilityGlobals) = postSolution
		SolutionGuid = {EBCB23BB-1939-4B7A-8B8C-94F231F6D0E4}
	EndGlobalSection
EndGlobal
