
Microsoft Visual Studio Solution File, Format Version 12.00
# Visual Studio Version 17
VisualStudioVersion = 17.4.33213.308
MinimumVisualStudioVersion = 10.0.40219.1
Project("{FAE04EC0-301F-11D3-BF4B-00C04F79EFBC}") = "Zone 4 Sta. Fe, Leyte  Information System", "Zone 4 Sta. Fe, Leyte  Information System.csproj", "{FE5D819D-C2FB-4077-A746-F0D75EC19A8E}"
EndProject
Global
	GlobalSection(SolutionConfigurationPlatforms) = preSolution
		Debug|Any CPU = Debug|Any CPU
		Release|Any CPU = Release|Any CPU
	EndGlobalSection
	GlobalSection(ProjectConfigurationPlatforms) = postSolution
		{FE5D819D-C2FB-4077-A746-F0D75EC19A8E}.Debug|Any CPU.ActiveCfg = Debug|Any CPU
		{FE5D819D-C2FB-4077-A746-F0D75EC19A8E}.Debug|Any CPU.Build.0 = Debug|Any CPU
		{FE5D819D-C2FB-4077-A746-F0D75EC19A8E}.Release|Any CPU.ActiveCfg = Release|Any CPU
		{FE5D819D-C2FB-4077-A746-F0D75EC19A8E}.Release|Any CPU.Build.0 = Release|Any CPU
	EndGlobalSection
	GlobalSection(SolutionProperties) = preSolution
		HideSolutionNode = FALSE
	EndGlobalSection
	GlobalSection(ExtensibilityGlobals) = postSolution
		SolutionGuid = {31282EC0-7B27-402A-B37A-8AC006E12F02}
	EndGlobalSection
EndGlobal
